// !$*UTF8*$!
{
	archiveVersion = 1;
	classes = {
	};
	objectVersion = 56;
	objects = {

/* Begin PBXBuildFile section */
		12012CA629DC6B9C008E2DB5 /* Assets.xcassets in Resources */ = {isa = PBXBuildFile; fileRef = 12012CA529DC6B9C008E2DB5 /* Assets.xcassets */; };
		120ACD4A29F8113800227951 /* CommentDetail.swift in Sources */ = {isa = PBXBuildFile; fileRef = 120ACD4929F8113800227951 /* CommentDetail.swift */; };
		1245F3CA29E8F8D800746443 /* StudentsGoals.swift in Sources */ = {isa = PBXBuildFile; fileRef = 1245F3C929E8F8D800746443 /* StudentsGoals.swift */; };
		124F35B729EC5E10001ED6ED /* StudentsComments.swift in Sources */ = {isa = PBXBuildFile; fileRef = 124F35B629EC5E10001ED6ED /* StudentsComments.swift */; };
		124F35B929EC5E22001ED6ED /* StudentsFeedbacks.swift in Sources */ = {isa = PBXBuildFile; fileRef = 124F35B829EC5E22001ED6ED /* StudentsFeedbacks.swift */; };
		127FBE1C29C5563300CBE16A /* piedPiperApp.swift in Sources */ = {isa = PBXBuildFile; fileRef = 127FBE1B29C5563300CBE16A /* piedPiperApp.swift */; };
		127FBE2329C5563500CBE16A /* Preview Assets.xcassets in Resources */ = {isa = PBXBuildFile; fileRef = 127FBE2229C5563500CBE16A /* Preview Assets.xcassets */; };
		127FBE5129C556DC00CBE16A /* Profile.swift in Sources */ = {isa = PBXBuildFile; fileRef = 127FBE2A29C556DC00CBE16A /* Profile.swift */; };
		127FBE5229C556DC00CBE16A /* ModelData.swift in Sources */ = {isa = PBXBuildFile; fileRef = 127FBE2B29C556DC00CBE16A /* ModelData.swift */; };
		127FBE5329C556DC00CBE16A /* Landmark.swift in Sources */ = {isa = PBXBuildFile; fileRef = 127FBE2C29C556DC00CBE16A /* Landmark.swift */; };
		127FBE5529C556DC00CBE16A /* landmarkData.json in Resources */ = {isa = PBXBuildFile; fileRef = 127FBE2F29C556DC00CBE16A /* landmarkData.json */; };
		127FBE5F29C556DC00CBE16A /* ProfileSummary.swift in Sources */ = {isa = PBXBuildFile; fileRef = 127FBE3D29C556DC00CBE16A /* ProfileSummary.swift */; };
		127FBE6029C556DC00CBE16A /* ProfileEditor.swift in Sources */ = {isa = PBXBuildFile; fileRef = 127FBE3E29C556DC00CBE16A /* ProfileEditor.swift */; };
		127FBE6129C556DC00CBE16A /* ProfileHost.swift in Sources */ = {isa = PBXBuildFile; fileRef = 127FBE3F29C556DC00CBE16A /* ProfileHost.swift */; };
		127FBE6529C556DC00CBE16A /* ContentView.swift in Sources */ = {isa = PBXBuildFile; fileRef = 127FBE4429C556DC00CBE16A /* ContentView.swift */; };
		127FBE6629C556DC00CBE16A /* MapView.swift in Sources */ = {isa = PBXBuildFile; fileRef = 127FBE4629C556DC00CBE16A /* MapView.swift */; };
		127FBE6729C556DC00CBE16A /* CircleImage.swift in Sources */ = {isa = PBXBuildFile; fileRef = 127FBE4729C556DC00CBE16A /* CircleImage.swift */; };
		127FBE6829C556DC00CBE16A /* FavoriteButton.swift in Sources */ = {isa = PBXBuildFile; fileRef = 127FBE4829C556DC00CBE16A /* FavoriteButton.swift */; };
		127FBE6929C556DC00CBE16A /* RotatedBadgeSymbol.swift in Sources */ = {isa = PBXBuildFile; fileRef = 127FBE4A29C556DC00CBE16A /* RotatedBadgeSymbol.swift */; };
		127FBE6A29C556DC00CBE16A /* HexagonParameters.swift in Sources */ = {isa = PBXBuildFile; fileRef = 127FBE4B29C556DC00CBE16A /* HexagonParameters.swift */; };
		127FBE6B29C556DC00CBE16A /* BadgeSymbol.swift in Sources */ = {isa = PBXBuildFile; fileRef = 127FBE4C29C556DC00CBE16A /* BadgeSymbol.swift */; };
		127FBE6C29C556DC00CBE16A /* BadgeBackground.swift in Sources */ = {isa = PBXBuildFile; fileRef = 127FBE4D29C556DC00CBE16A /* BadgeBackground.swift */; };
		127FBE6D29C556DC00CBE16A /* Badge.swift in Sources */ = {isa = PBXBuildFile; fileRef = 127FBE4E29C556DC00CBE16A /* Badge.swift */; };
		127FBE6E29C556DC00CBE16A /* Preview Assets.xcassets in Resources */ = {isa = PBXBuildFile; fileRef = 127FBE5029C556DC00CBE16A /* Preview Assets.xcassets */; };
		12946A3329CA20FD004758E5 /* StudentsList.swift in Sources */ = {isa = PBXBuildFile; fileRef = 12946A3229CA20FD004758E5 /* StudentsList.swift */; };
		12946A3529CA2108004758E5 /* StudentsRow.swift in Sources */ = {isa = PBXBuildFile; fileRef = 12946A3429CA2108004758E5 /* StudentsRow.swift */; };
		12946A3729CA2116004758E5 /* StudentsDetail.swift in Sources */ = {isa = PBXBuildFile; fileRef = 12946A3629CA2116004758E5 /* StudentsDetail.swift */; };
		12946A3929CA229B004758E5 /* Student.swift in Sources */ = {isa = PBXBuildFile; fileRef = 12946A3829CA229B004758E5 /* Student.swift */; };
		12FD568C29E5A884003C9C3A /* StudentItem.swift in Sources */ = {isa = PBXBuildFile; fileRef = 12FD568B29E5A884003C9C3A /* StudentItem.swift */; };
		D16FF6C329F83A3600AEC250 /* FeedbackDetail.swift in Sources */ = {isa = PBXBuildFile; fileRef = D16FF6C229F83A3600AEC250 /* FeedbackDetail.swift */; };
		D1DFB87A29F9909A00422C9A /* addFeedback.swift in Sources */ = {isa = PBXBuildFile; fileRef = D1DFB87929F9909A00422C9A /* addFeedback.swift */; };
		D1F3A7B429F8427A0051DF3D /* addComment.swift in Sources */ = {isa = PBXBuildFile; fileRef = D1F3A7B329F8427A0051DF3D /* addComment.swift */; };
/* End PBXBuildFile section */

/* Begin PBXFileReference section */
		12012CA529DC6B9C008E2DB5 /* Assets.xcassets */ = {isa = PBXFileReference; lastKnownFileType = folder.assetcatalog; path = Assets.xcassets; sourceTree = "<group>"; };
		120ACD4929F8113800227951 /* CommentDetail.swift */ = {isa = PBXFileReference; lastKnownFileType = sourcecode.swift; path = CommentDetail.swift; sourceTree = "<group>"; };
		1245F3C929E8F8D800746443 /* StudentsGoals.swift */ = {isa = PBXFileReference; lastKnownFileType = sourcecode.swift; path = StudentsGoals.swift; sourceTree = "<group>"; };
		124F35B629EC5E10001ED6ED /* StudentsComments.swift */ = {isa = PBXFileReference; lastKnownFileType = sourcecode.swift; path = StudentsComments.swift; sourceTree = "<group>"; };
		124F35B829EC5E22001ED6ED /* StudentsFeedbacks.swift */ = {isa = PBXFileReference; lastKnownFileType = sourcecode.swift; path = StudentsFeedbacks.swift; sourceTree = "<group>"; };
		127FBE1829C5563300CBE16A /* piedPiper.app */ = {isa = PBXFileReference; explicitFileType = wrapper.application; includeInIndex = 0; path = piedPiper.app; sourceTree = BUILT_PRODUCTS_DIR; };
		127FBE1B29C5563300CBE16A /* piedPiperApp.swift */ = {isa = PBXFileReference; lastKnownFileType = sourcecode.swift; path = piedPiperApp.swift; sourceTree = "<group>"; };
		127FBE2229C5563500CBE16A /* Preview Assets.xcassets */ = {isa = PBXFileReference; lastKnownFileType = folder.assetcatalog; path = "Preview Assets.xcassets"; sourceTree = "<group>"; };
		127FBE2A29C556DC00CBE16A /* Profile.swift */ = {isa = PBXFileReference; fileEncoding = 4; lastKnownFileType = sourcecode.swift; path = Profile.swift; sourceTree = "<group>"; };
		127FBE2B29C556DC00CBE16A /* ModelData.swift */ = {isa = PBXFileReference; fileEncoding = 4; lastKnownFileType = sourcecode.swift; path = ModelData.swift; sourceTree = "<group>"; };
		127FBE2C29C556DC00CBE16A /* Landmark.swift */ = {isa = PBXFileReference; fileEncoding = 4; lastKnownFileType = sourcecode.swift; path = Landmark.swift; sourceTree = "<group>"; };
		127FBE2F29C556DC00CBE16A /* landmarkData.json */ = {isa = PBXFileReference; fileEncoding = 4; lastKnownFileType = text.json; path = landmarkData.json; sourceTree = "<group>"; };
		127FBE3D29C556DC00CBE16A /* ProfileSummary.swift */ = {isa = PBXFileReference; fileEncoding = 4; lastKnownFileType = sourcecode.swift; path = ProfileSummary.swift; sourceTree = "<group>"; };
		127FBE3E29C556DC00CBE16A /* ProfileEditor.swift */ = {isa = PBXFileReference; fileEncoding = 4; lastKnownFileType = sourcecode.swift; path = ProfileEditor.swift; sourceTree = "<group>"; };
		127FBE3F29C556DC00CBE16A /* ProfileHost.swift */ = {isa = PBXFileReference; fileEncoding = 4; lastKnownFileType = sourcecode.swift; path = ProfileHost.swift; sourceTree = "<group>"; };
		127FBE4429C556DC00CBE16A /* ContentView.swift */ = {isa = PBXFileReference; fileEncoding = 4; lastKnownFileType = sourcecode.swift; path = ContentView.swift; sourceTree = "<group>"; };
		127FBE4629C556DC00CBE16A /* MapView.swift */ = {isa = PBXFileReference; fileEncoding = 4; lastKnownFileType = sourcecode.swift; path = MapView.swift; sourceTree = "<group>"; };
		127FBE4729C556DC00CBE16A /* CircleImage.swift */ = {isa = PBXFileReference; fileEncoding = 4; lastKnownFileType = sourcecode.swift; path = CircleImage.swift; sourceTree = "<group>"; };
		127FBE4829C556DC00CBE16A /* FavoriteButton.swift */ = {isa = PBXFileReference; fileEncoding = 4; lastKnownFileType = sourcecode.swift; path = FavoriteButton.swift; sourceTree = "<group>"; };
		127FBE4A29C556DC00CBE16A /* RotatedBadgeSymbol.swift */ = {isa = PBXFileReference; fileEncoding = 4; lastKnownFileType = sourcecode.swift; path = RotatedBadgeSymbol.swift; sourceTree = "<group>"; };
		127FBE4B29C556DC00CBE16A /* HexagonParameters.swift */ = {isa = PBXFileReference; fileEncoding = 4; lastKnownFileType = sourcecode.swift; path = HexagonParameters.swift; sourceTree = "<group>"; };
		127FBE4C29C556DC00CBE16A /* BadgeSymbol.swift */ = {isa = PBXFileReference; fileEncoding = 4; lastKnownFileType = sourcecode.swift; path = BadgeSymbol.swift; sourceTree = "<group>"; };
		127FBE4D29C556DC00CBE16A /* BadgeBackground.swift */ = {isa = PBXFileReference; fileEncoding = 4; lastKnownFileType = sourcecode.swift; path = BadgeBackground.swift; sourceTree = "<group>"; };
		127FBE4E29C556DC00CBE16A /* Badge.swift */ = {isa = PBXFileReference; fileEncoding = 4; lastKnownFileType = sourcecode.swift; path = Badge.swift; sourceTree = "<group>"; };
		127FBE5029C556DC00CBE16A /* Preview Assets.xcassets */ = {isa = PBXFileReference; lastKnownFileType = folder.assetcatalog; path = "Preview Assets.xcassets"; sourceTree = "<group>"; };
		12946A3229CA20FD004758E5 /* StudentsList.swift */ = {isa = PBXFileReference; lastKnownFileType = sourcecode.swift; path = StudentsList.swift; sourceTree = "<group>"; };
		12946A3429CA2108004758E5 /* StudentsRow.swift */ = {isa = PBXFileReference; lastKnownFileType = sourcecode.swift; path = StudentsRow.swift; sourceTree = "<group>"; };
		12946A3629CA2116004758E5 /* StudentsDetail.swift */ = {isa = PBXFileReference; lastKnownFileType = sourcecode.swift; path = StudentsDetail.swift; sourceTree = "<group>"; };
		12946A3829CA229B004758E5 /* Student.swift */ = {isa = PBXFileReference; lastKnownFileType = sourcecode.swift; path = Student.swift; sourceTree = "<group>"; };
		12FD568B29E5A884003C9C3A /* StudentItem.swift */ = {isa = PBXFileReference; lastKnownFileType = sourcecode.swift; path = StudentItem.swift; sourceTree = "<group>"; };
		D16FF6C229F83A3600AEC250 /* FeedbackDetail.swift */ = {isa = PBXFileReference; lastKnownFileType = sourcecode.swift; path = FeedbackDetail.swift; sourceTree = "<group>"; };
		D1DFB87929F9909A00422C9A /* addFeedback.swift */ = {isa = PBXFileReference; lastKnownFileType = sourcecode.swift; path = addFeedback.swift; sourceTree = "<group>"; };
		D1F3A7B329F8427A0051DF3D /* addComment.swift */ = {isa = PBXFileReference; lastKnownFileType = sourcecode.swift; path = addComment.swift; sourceTree = "<group>"; };
/* End PBXFileReference section */

/* Begin PBXFrameworksBuildPhase section */
		127FBE1529C5563300CBE16A /* Frameworks */ = {
			isa = PBXFrameworksBuildPhase;
			buildActionMask = 2147483647;
			files = (
			);
			runOnlyForDeploymentPostprocessing = 0;
		};
/* End PBXFrameworksBuildPhase section */

/* Begin PBXGroup section */
		127FBE0F29C5563300CBE16A = {
			isa = PBXGroup;
			children = (
				12012CA529DC6B9C008E2DB5 /* Assets.xcassets */,
				127FBE1A29C5563300CBE16A /* piedPiper */,
				127FBE1929C5563300CBE16A /* Products */,
			);
			sourceTree = "<group>";
		};
		127FBE1929C5563300CBE16A /* Products */ = {
			isa = PBXGroup;
			children = (
				127FBE1829C5563300CBE16A /* piedPiper.app */,
			);
			name = Products;
			sourceTree = "<group>";
		};
		127FBE1A29C5563300CBE16A /* piedPiper */ = {
			isa = PBXGroup;
			children = (
				127FBE1B29C5563300CBE16A /* piedPiperApp.swift */,
				127FBE2929C556DB00CBE16A /* Model */,
				127FBE4F29C556DC00CBE16A /* Preview Content */,
				127FBE2D29C556DC00CBE16A /* Resources */,
				127FBE3029C556DC00CBE16A /* Views */,
				127FBE2129C5563500CBE16A /* Preview Content */,
			);
			path = piedPiper;
			sourceTree = "<group>";
		};
		127FBE2129C5563500CBE16A /* Preview Content */ = {
			isa = PBXGroup;
			children = (
				127FBE2229C5563500CBE16A /* Preview Assets.xcassets */,
			);
			path = "Preview Content";
			sourceTree = "<group>";
		};
		127FBE2929C556DB00CBE16A /* Model */ = {
			isa = PBXGroup;
			children = (
				127FBE2A29C556DC00CBE16A /* Profile.swift */,
				127FBE2B29C556DC00CBE16A /* ModelData.swift */,
				127FBE2C29C556DC00CBE16A /* Landmark.swift */,
				12946A3829CA229B004758E5 /* Student.swift */,
			);
			path = Model;
			sourceTree = "<group>";
		};
		127FBE2D29C556DC00CBE16A /* Resources */ = {
			isa = PBXGroup;
			children = (
				127FBE2F29C556DC00CBE16A /* landmarkData.json */,
			);
			path = Resources;
			sourceTree = "<group>";
		};
		127FBE3029C556DC00CBE16A /* Views */ = {
			isa = PBXGroup;
			children = (
				12946A3129CA20E4004758E5 /* Students */,
				127FBE4429C556DC00CBE16A /* ContentView.swift */,
				127FBE3C29C556DC00CBE16A /* Profiles */,
				127FBE4529C556DC00CBE16A /* Helpers */,
				127FBE4929C556DC00CBE16A /* Badges */,
			);
			path = Views;
			sourceTree = "<group>";
		};
		127FBE3C29C556DC00CBE16A /* Profiles */ = {
			isa = PBXGroup;
			children = (
				127FBE3D29C556DC00CBE16A /* ProfileSummary.swift */,
				127FBE3E29C556DC00CBE16A /* ProfileEditor.swift */,
				127FBE3F29C556DC00CBE16A /* ProfileHost.swift */,
			);
			path = Profiles;
			sourceTree = "<group>";
		};
		127FBE4529C556DC00CBE16A /* Helpers */ = {
			isa = PBXGroup;
			children = (
				127FBE4629C556DC00CBE16A /* MapView.swift */,
				127FBE4729C556DC00CBE16A /* CircleImage.swift */,
				127FBE4829C556DC00CBE16A /* FavoriteButton.swift */,
			);
			path = Helpers;
			sourceTree = "<group>";
		};
		127FBE4929C556DC00CBE16A /* Badges */ = {
			isa = PBXGroup;
			children = (
				127FBE4A29C556DC00CBE16A /* RotatedBadgeSymbol.swift */,
				127FBE4B29C556DC00CBE16A /* HexagonParameters.swift */,
				127FBE4C29C556DC00CBE16A /* BadgeSymbol.swift */,
				127FBE4D29C556DC00CBE16A /* BadgeBackground.swift */,
				127FBE4E29C556DC00CBE16A /* Badge.swift */,
			);
			path = Badges;
			sourceTree = "<group>";
		};
		127FBE4F29C556DC00CBE16A /* Preview Content */ = {
			isa = PBXGroup;
			children = (
				127FBE5029C556DC00CBE16A /* Preview Assets.xcassets */,
			);
			name = "Preview Content";
			path = "../../../studies/Swift/landmarks-swift/landmarks-swift/Preview Content";
			sourceTree = "<group>";
		};
		12946A3129CA20E4004758E5 /* Students */ = {
			isa = PBXGroup;
			children = (
				12946A3229CA20FD004758E5 /* StudentsList.swift */,
				12946A3429CA2108004758E5 /* StudentsRow.swift */,
				12946A3629CA2116004758E5 /* StudentsDetail.swift */,
				12FD568B29E5A884003C9C3A /* StudentItem.swift */,
				124F35B829EC5E22001ED6ED /* StudentsFeedbacks.swift */,
				124F35B629EC5E10001ED6ED /* StudentsComments.swift */,
				D1DFB87929F9909A00422C9A /* addFeedback.swift */,
				D1F3A7B329F8427A0051DF3D /* addComment.swift */,
				1245F3C929E8F8D800746443 /* StudentsGoals.swift */,
				120ACD4929F8113800227951 /* CommentDetail.swift */,
				D16FF6C229F83A3600AEC250 /* FeedbackDetail.swift */,
			);
			path = Students;
			sourceTree = "<group>";
		};
/* End PBXGroup section */

/* Begin PBXNativeTarget section */
		127FBE1729C5563300CBE16A /* piedPiper */ = {
			isa = PBXNativeTarget;
			buildConfigurationList = 127FBE2629C5563500CBE16A /* Build configuration list for PBXNativeTarget "piedPiper" */;
			buildPhases = (
				127FBE1429C5563300CBE16A /* Sources */,
				127FBE1529C5563300CBE16A /* Frameworks */,
				127FBE1629C5563300CBE16A /* Resources */,
			);
			buildRules = (
			);
			dependencies = (
			);
			name = piedPiper;
			productName = piedPiper;
			productReference = 127FBE1829C5563300CBE16A /* piedPiper.app */;
			productType = "com.apple.product-type.application";
		};
/* End PBXNativeTarget section */

/* Begin PBXProject section */
		127FBE1029C5563300CBE16A /* Project object */ = {
			isa = PBXProject;
			attributes = {
				BuildIndependentTargetsInParallel = 1;
				LastSwiftUpdateCheck = 1420;
				LastUpgradeCheck = 1420;
				TargetAttributes = {
					127FBE1729C5563300CBE16A = {
						CreatedOnToolsVersion = 14.2;
					};
				};
			};
			buildConfigurationList = 127FBE1329C5563300CBE16A /* Build configuration list for PBXProject "piedPiper" */;
			compatibilityVersion = "Xcode 14.0";
			developmentRegion = en;
			hasScannedForEncodings = 0;
			knownRegions = (
				en,
				Base,
			);
			mainGroup = 127FBE0F29C5563300CBE16A;
			productRefGroup = 127FBE1929C5563300CBE16A /* Products */;
			projectDirPath = "";
			projectRoot = "";
			targets = (
				127FBE1729C5563300CBE16A /* piedPiper */,
			);
		};
/* End PBXProject section */

/* Begin PBXResourcesBuildPhase section */
		127FBE1629C5563300CBE16A /* Resources */ = {
			isa = PBXResourcesBuildPhase;
			buildActionMask = 2147483647;
			files = (
				127FBE2329C5563500CBE16A /* Preview Assets.xcassets in Resources */,
				127FBE5529C556DC00CBE16A /* landmarkData.json in Resources */,
				12012CA629DC6B9C008E2DB5 /* Assets.xcassets in Resources */,
				127FBE6E29C556DC00CBE16A /* Preview Assets.xcassets in Resources */,
			);
			runOnlyForDeploymentPostprocessing = 0;
		};
/* End PBXResourcesBuildPhase section */

/* Begin PBXSourcesBuildPhase section */
		127FBE1429C5563300CBE16A /* Sources */ = {
			isa = PBXSourcesBuildPhase;
			buildActionMask = 2147483647;
			files = (
				127FBE6129C556DC00CBE16A /* ProfileHost.swift in Sources */,
				12946A3729CA2116004758E5 /* StudentsDetail.swift in Sources */,
				127FBE6529C556DC00CBE16A /* ContentView.swift in Sources */,
				127FBE6829C556DC00CBE16A /* FavoriteButton.swift in Sources */,
				120ACD4A29F8113800227951 /* CommentDetail.swift in Sources */,
				127FBE6629C556DC00CBE16A /* MapView.swift in Sources */,
				D1F3A7B429F8427A0051DF3D /* addComment.swift in Sources */,
				127FBE5F29C556DC00CBE16A /* ProfileSummary.swift in Sources */,
				D16FF6C329F83A3600AEC250 /* FeedbackDetail.swift in Sources */,
				127FBE6729C556DC00CBE16A /* CircleImage.swift in Sources */,
				D1DFB87A29F9909A00422C9A /* addFeedback.swift in Sources */,
				127FBE6D29C556DC00CBE16A /* Badge.swift in Sources */,
				127FBE6B29C556DC00CBE16A /* BadgeSymbol.swift in Sources */,
				12FD568C29E5A884003C9C3A /* StudentItem.swift in Sources */,
				1245F3CA29E8F8D800746443 /* StudentsGoals.swift in Sources */,
				127FBE5229C556DC00CBE16A /* ModelData.swift in Sources */,
				124F35B929EC5E22001ED6ED /* StudentsFeedbacks.swift in Sources */,
				127FBE6029C556DC00CBE16A /* ProfileEditor.swift in Sources */,
				127FBE5129C556DC00CBE16A /* Profile.swift in Sources */,
				127FBE1C29C5563300CBE16A /* piedPiperApp.swift in Sources */,
				127FBE6C29C556DC00CBE16A /* BadgeBackground.swift in Sources */,
				12946A3529CA2108004758E5 /* StudentsRow.swift in Sources */,
				127FBE6A29C556DC00CBE16A /* HexagonParameters.swift in Sources */,
				127FBE6929C556DC00CBE16A /* RotatedBadgeSymbol.swift in Sources */,
				12946A3929CA229B004758E5 /* Student.swift in Sources */,
				12946A3329CA20FD004758E5 /* StudentsList.swift in Sources */,
				124F35B729EC5E10001ED6ED /* StudentsComments.swift in Sources */,
				127FBE5329C556DC00CBE16A /* Landmark.swift in Sources */,
			);
			runOnlyForDeploymentPostprocessing = 0;
		};
/* End PBXSourcesBuildPhase section */

/* Begin XCBuildConfiguration section */
		127FBE2429C5563500CBE16A /* Debug */ = {
			isa = XCBuildConfiguration;
			buildSettings = {
				ALWAYS_SEARCH_USER_PATHS = NO;
				CLANG_ANALYZER_NONNULL = YES;
				CLANG_ANALYZER_NUMBER_OBJECT_CONVERSION = YES_AGGRESSIVE;
				CLANG_CXX_LANGUAGE_STANDARD = "gnu++20";
				CLANG_ENABLE_MODULES = YES;
				CLANG_ENABLE_OBJC_ARC = YES;
				CLANG_ENABLE_OBJC_WEAK = YES;
				CLANG_WARN_BLOCK_CAPTURE_AUTORELEASING = YES;
				CLANG_WARN_BOOL_CONVERSION = YES;
				CLANG_WARN_COMMA = YES;
				CLANG_WARN_CONSTANT_CONVERSION = YES;
				CLANG_WARN_DEPRECATED_OBJC_IMPLEMENTATIONS = YES;
				CLANG_WARN_DIRECT_OBJC_ISA_USAGE = YES_ERROR;
				CLANG_WARN_DOCUMENTATION_COMMENTS = YES;
				CLANG_WARN_EMPTY_BODY = YES;
				CLANG_WARN_ENUM_CONVERSION = YES;
				CLANG_WARN_INFINITE_RECURSION = YES;
				CLANG_WARN_INT_CONVERSION = YES;
				CLANG_WARN_NON_LITERAL_NULL_CONVERSION = YES;
				CLANG_WARN_OBJC_IMPLICIT_RETAIN_SELF = YES;
				CLANG_WARN_OBJC_LITERAL_CONVERSION = YES;
				CLANG_WARN_OBJC_ROOT_CLASS = YES_ERROR;
				CLANG_WARN_QUOTED_INCLUDE_IN_FRAMEWORK_HEADER = YES;
				CLANG_WARN_RANGE_LOOP_ANALYSIS = YES;
				CLANG_WARN_STRICT_PROTOTYPES = YES;
				CLANG_WARN_SUSPICIOUS_MOVE = YES;
				CLANG_WARN_UNGUARDED_AVAILABILITY = YES_AGGRESSIVE;
				CLANG_WARN_UNREACHABLE_CODE = YES;
				CLANG_WARN__DUPLICATE_METHOD_MATCH = YES;
				COPY_PHASE_STRIP = NO;
				DEBUG_INFORMATION_FORMAT = dwarf;
				ENABLE_STRICT_OBJC_MSGSEND = YES;
				ENABLE_TESTABILITY = YES;
				GCC_C_LANGUAGE_STANDARD = gnu11;
				GCC_DYNAMIC_NO_PIC = NO;
				GCC_NO_COMMON_BLOCKS = YES;
				GCC_OPTIMIZATION_LEVEL = 0;
				GCC_PREPROCESSOR_DEFINITIONS = (
					"DEBUG=1",
					"$(inherited)",
				);
				GCC_WARN_64_TO_32_BIT_CONVERSION = YES;
				GCC_WARN_ABOUT_RETURN_TYPE = YES_ERROR;
				GCC_WARN_UNDECLARED_SELECTOR = YES;
				GCC_WARN_UNINITIALIZED_AUTOS = YES_AGGRESSIVE;
				GCC_WARN_UNUSED_FUNCTION = YES;
				GCC_WARN_UNUSED_VARIABLE = YES;
				IPHONEOS_DEPLOYMENT_TARGET = 16.2;
				MTL_ENABLE_DEBUG_INFO = INCLUDE_SOURCE;
				MTL_FAST_MATH = YES;
				ONLY_ACTIVE_ARCH = YES;
				SDKROOT = iphoneos;
				SWIFT_ACTIVE_COMPILATION_CONDITIONS = DEBUG;
				SWIFT_OPTIMIZATION_LEVEL = "-Onone";
			};
			name = Debug;
		};
		127FBE2529C5563500CBE16A /* Release */ = {
			isa = XCBuildConfiguration;
			buildSettings = {
				ALWAYS_SEARCH_USER_PATHS = NO;
				CLANG_ANALYZER_NONNULL = YES;
				CLANG_ANALYZER_NUMBER_OBJECT_CONVERSION = YES_AGGRESSIVE;
				CLANG_CXX_LANGUAGE_STANDARD = "gnu++20";
				CLANG_ENABLE_MODULES = YES;
				CLANG_ENABLE_OBJC_ARC = YES;
				CLANG_ENABLE_OBJC_WEAK = YES;
				CLANG_WARN_BLOCK_CAPTURE_AUTORELEASING = YES;
				CLANG_WARN_BOOL_CONVERSION = YES;
				CLANG_WARN_COMMA = YES;
				CLANG_WARN_CONSTANT_CONVERSION = YES;
				CLANG_WARN_DEPRECATED_OBJC_IMPLEMENTATIONS = YES;
				CLANG_WARN_DIRECT_OBJC_ISA_USAGE = YES_ERROR;
				CLANG_WARN_DOCUMENTATION_COMMENTS = YES;
				CLANG_WARN_EMPTY_BODY = YES;
				CLANG_WARN_ENUM_CONVERSION = YES;
				CLANG_WARN_INFINITE_RECURSION = YES;
				CLANG_WARN_INT_CONVERSION = YES;
				CLANG_WARN_NON_LITERAL_NULL_CONVERSION = YES;
				CLANG_WARN_OBJC_IMPLICIT_RETAIN_SELF = YES;
				CLANG_WARN_OBJC_LITERAL_CONVERSION = YES;
				CLANG_WARN_OBJC_ROOT_CLASS = YES_ERROR;
				CLANG_WARN_QUOTED_INCLUDE_IN_FRAMEWORK_HEADER = YES;
				CLANG_WARN_RANGE_LOOP_ANALYSIS = YES;
				CLANG_WARN_STRICT_PROTOTYPES = YES;
				CLANG_WARN_SUSPICIOUS_MOVE = YES;
				CLANG_WARN_UNGUARDED_AVAILABILITY = YES_AGGRESSIVE;
				CLANG_WARN_UNREACHABLE_CODE = YES;
				CLANG_WARN__DUPLICATE_METHOD_MATCH = YES;
				COPY_PHASE_STRIP = NO;
				DEBUG_INFORMATION_FORMAT = "dwarf-with-dsym";
				ENABLE_NS_ASSERTIONS = NO;
				ENABLE_STRICT_OBJC_MSGSEND = YES;
				GCC_C_LANGUAGE_STANDARD = gnu11;
				GCC_NO_COMMON_BLOCKS = YES;
				GCC_WARN_64_TO_32_BIT_CONVERSION = YES;
				GCC_WARN_ABOUT_RETURN_TYPE = YES_ERROR;
				GCC_WARN_UNDECLARED_SELECTOR = YES;
				GCC_WARN_UNINITIALIZED_AUTOS = YES_AGGRESSIVE;
				GCC_WARN_UNUSED_FUNCTION = YES;
				GCC_WARN_UNUSED_VARIABLE = YES;
				IPHONEOS_DEPLOYMENT_TARGET = 16.2;
				MTL_ENABLE_DEBUG_INFO = NO;
				MTL_FAST_MATH = YES;
				SDKROOT = iphoneos;
				SWIFT_COMPILATION_MODE = wholemodule;
				SWIFT_OPTIMIZATION_LEVEL = "-O";
				VALIDATE_PRODUCT = YES;
			};
			name = Release;
		};
		127FBE2729C5563500CBE16A /* Debug */ = {
			isa = XCBuildConfiguration;
			buildSettings = {
				ASSETCATALOG_COMPILER_APPICON_NAME = AppIcon;
				ASSETCATALOG_COMPILER_GLOBAL_ACCENT_COLOR_NAME = AccentColor;
				CODE_SIGN_IDENTITY = "Apple Development";
				CODE_SIGN_STYLE = Automatic;
				CURRENT_PROJECT_VERSION = 1;
				DEVELOPMENT_ASSET_PATHS = "\"piedPiper/Preview Content\"";
				DEVELOPMENT_TEAM = 384U4L9892;
				ENABLE_PREVIEWS = YES;
				GENERATE_INFOPLIST_FILE = YES;
				INFOPLIST_KEY_UIApplicationSceneManifest_Generation = YES;
				INFOPLIST_KEY_UIApplicationSupportsIndirectInputEvents = YES;
				INFOPLIST_KEY_UILaunchScreen_Generation = YES;
				INFOPLIST_KEY_UISupportedInterfaceOrientations_iPad = "UIInterfaceOrientationPortrait UIInterfaceOrientationPortraitUpsideDown UIInterfaceOrientationLandscapeLeft UIInterfaceOrientationLandscapeRight";
				INFOPLIST_KEY_UISupportedInterfaceOrientations_iPhone = "UIInterfaceOrientationPortrait UIInterfaceOrientationLandscapeLeft UIInterfaceOrientationLandscapeRight";
				IPHONEOS_DEPLOYMENT_TARGET = 16.1;
				LD_RUNPATH_SEARCH_PATHS = (
					"$(inherited)",
					"@executable_path/Frameworks",
				);
				MARKETING_VERSION = 1.0;
				PRODUCT_BUNDLE_IDENTIFIER = com.ufpe.cin.piedPiper2;
				PRODUCT_NAME = "$(TARGET_NAME)";
				PROVISIONING_PROFILE_SPECIFIER = "";
				SWIFT_EMIT_LOC_STRINGS = YES;
				SWIFT_VERSION = 5.0;
				TARGETED_DEVICE_FAMILY = "1,2";
			};
			name = Debug;
		};
		127FBE2829C5563500CBE16A /* Release */ = {
			isa = XCBuildConfiguration;
			buildSettings = {
				ASSETCATALOG_COMPILER_APPICON_NAME = AppIcon;
				ASSETCATALOG_COMPILER_GLOBAL_ACCENT_COLOR_NAME = AccentColor;
				CODE_SIGN_IDENTITY = "Apple Development";
				CODE_SIGN_STYLE = Automatic;
				CURRENT_PROJECT_VERSION = 1;
				DEVELOPMENT_ASSET_PATHS = "\"piedPiper/Preview Content\"";
				DEVELOPMENT_TEAM = 384U4L9892;
				ENABLE_PREVIEWS = YES;
				GENERATE_INFOPLIST_FILE = YES;
				INFOPLIST_KEY_UIApplicationSceneManifest_Generation = YES;
				INFOPLIST_KEY_UIApplicationSupportsIndirectInputEvents = YES;
				INFOPLIST_KEY_UILaunchScreen_Generation = YES;
				INFOPLIST_KEY_UISupportedInterfaceOrientations_iPad = "UIInterfaceOrientationPortrait UIInterfaceOrientationPortraitUpsideDown UIInterfaceOrientationLandscapeLeft UIInterfaceOrientationLandscapeRight";
				INFOPLIST_KEY_UISupportedInterfaceOrientations_iPhone = "UIInterfaceOrientationPortrait UIInterfaceOrientationLandscapeLeft UIInterfaceOrientationLandscapeRight";
				IPHONEOS_DEPLOYMENT_TARGET = 16.1;
				LD_RUNPATH_SEARCH_PATHS = (
					"$(inherited)",
					"@executable_path/Frameworks",
				);
				MARKETING_VERSION = 1.0;
				PRODUCT_BUNDLE_IDENTIFIER = com.ufpe.cin.piedPiper2;
				PRODUCT_NAME = "$(TARGET_NAME)";
				PROVISIONING_PROFILE_SPECIFIER = "";
				SWIFT_EMIT_LOC_STRINGS = YES;
				SWIFT_VERSION = 5.0;
				TARGETED_DEVICE_FAMILY = "1,2";
			};
			name = Release;
		};
/* End XCBuildConfiguration section */

/* Begin XCConfigurationList section */
		127FBE1329C5563300CBE16A /* Build configuration list for PBXProject "piedPiper" */ = {
			isa = XCConfigurationList;
			buildConfigurations = (
				127FBE2429C5563500CBE16A /* Debug */,
				127FBE2529C5563500CBE16A /* Release */,
			);
			defaultConfigurationIsVisible = 0;
			defaultConfigurationName = Release;
		};
		127FBE2629C5563500CBE16A /* Build configuration list for PBXNativeTarget "piedPiper" */ = {
			isa = XCConfigurationList;
			buildConfigurations = (
				127FBE2729C5563500CBE16A /* Debug */,
				127FBE2829C5563500CBE16A /* Release */,
			);
			defaultConfigurationIsVisible = 0;
			defaultConfigurationName = Release;
		};
/* End XCConfigurationList section */
	};
	rootObject = 127FBE1029C5563300CBE16A /* Project object */;
}
